
Microsoft Visual Studio Solution File, Format Version 12.00
# Visual Studio Version 16
VisualStudioVersion = 16.0.30204.135
MinimumVisualStudioVersion = 10.0.40219.1
Project("{FAE04EC0-301F-11D3-BF4B-00C04F79EFBC}") = "BookingService", "BookingService.csproj", "{A5277147-2833-45BB-8CB4-4DB74D9F2B0D}"
EndProject
Global
	GlobalSection(SolutionConfigurationPlatforms) = preSolution
		Debug|Any CPU = Debug|Any CPU
		Release|Any CPU = Release|Any CPU
	EndGlobalSection
	GlobalSection(ProjectConfigurationPlatforms) = postSolution
		{A5277147-2833-45BB-8CB4-4DB74D9F2B0D}.Debug|Any CPU.ActiveCfg = Debug|Any CPU
		{A5277147-2833-45BB-8CB4-4DB74D9F2B0D}.Debug|Any CPU.Build.0 = Debug|Any CPU
		{A5277147-2833-45BB-8CB4-4DB74D9F2B0D}.Release|Any CPU.ActiveCfg = Release|Any CPU
		{A5277147-2833-45BB-8CB4-4DB74D9F2B0D}.Release|Any CPU.Build.0 = Release|Any CPU
	EndGlobalSection
	GlobalSection(SolutionProperties) = preSolution
		HideSolutionNode = FALSE
	EndGlobalSection
	GlobalSection(ExtensibilityGlobals) = postSolution
		SolutionGuid = {852BA038-5C62-4FBE-83B4-12869A77C531}
	EndGlobalSection
EndGlobal
